
Microsoft Visual Studio Solution File, Format Version 12.00
# Visual Studio Version 17
VisualStudioVersion = 17.1.32421.90
MinimumVisualStudioVersion = 10.0.40219.1
Project("{9A19103F-16F7-4668-BE54-9A1E7A4F7556}") = "NetWealthCurrencyConvertAPI", "NetWealthCurrencyConvertAPI\NetWealthCurrencyConvertAPI.csproj", "{9B64473F-5C9C-412B-8BF9-37B046F60753}"
EndProject
Project("{9A19103F-16F7-4668-BE54-9A1E7A4F7556}") = "NetWealthCurrencyConvertWeb", "NetWealthCurrencyConvertWeb\NetWealthCurrencyConvertWeb.csproj", "{1C2865CF-42E2-4C0C-B377-0E7C4F2E9465}"
EndProject
Project("{FAE04EC0-301F-11D3-BF4B-00C04F79EFBC}") = "CurrencyConversionRateAutomaticUpdate", "CurrencyConversionRateAutomaticUpdate\CurrencyConversionRateAutomaticUpdate.csproj", "{10756297-4237-4E9D-BC2E-13473372F8BE}"
EndProject
Global
	GlobalSection(SolutionConfigurationPlatforms) = preSolution
		Debug|Any CPU = Debug|Any CPU
		Release|Any CPU = Release|Any CPU
	EndGlobalSection
	GlobalSection(ProjectConfigurationPlatforms) = postSolution
		{9B64473F-5C9C-412B-8BF9-37B046F60753}.Debug|Any CPU.ActiveCfg = Debug|Any CPU
		{9B64473F-5C9C-412B-8BF9-37B046F60753}.Debug|Any CPU.Build.0 = Debug|Any CPU
		{9B64473F-5C9C-412B-8BF9-37B046F60753}.Release|Any CPU.ActiveCfg = Release|Any CPU
		{9B64473F-5C9C-412B-8BF9-37B046F60753}.Release|Any CPU.Build.0 = Release|Any CPU
		{1C2865CF-42E2-4C0C-B377-0E7C4F2E9465}.Debug|Any CPU.ActiveCfg = Debug|Any CPU
		{1C2865CF-42E2-4C0C-B377-0E7C4F2E9465}.Debug|Any CPU.Build.0 = Debug|Any CPU
		{1C2865CF-42E2-4C0C-B377-0E7C4F2E9465}.Release|Any CPU.ActiveCfg = Release|Any CPU
		{1C2865CF-42E2-4C0C-B377-0E7C4F2E9465}.Release|Any CPU.Build.0 = Release|Any CPU
		{10756297-4237-4E9D-BC2E-13473372F8BE}.Debug|Any CPU.ActiveCfg = Debug|Any CPU
		{10756297-4237-4E9D-BC2E-13473372F8BE}.Debug|Any CPU.Build.0 = Debug|Any CPU
		{10756297-4237-4E9D-BC2E-13473372F8BE}.Release|Any CPU.ActiveCfg = Release|Any CPU
		{10756297-4237-4E9D-BC2E-13473372F8BE}.Release|Any CPU.Build.0 = Release|Any CPU
	EndGlobalSection
	GlobalSection(SolutionProperties) = preSolution
		HideSolutionNode = FALSE
	EndGlobalSection
	GlobalSection(ExtensibilityGlobals) = postSolution
		SolutionGuid = {DCE0E161-B2EB-4F94-9CDD-CF4259095265}
	EndGlobalSection
EndGlobal
